
Microsoft Visual Studio Solution File, Format Version 12.00
# Visual Studio Version 17
VisualStudioVersion = 17.14.36511.14
MinimumVisualStudioVersion = 10.0.40219.1
Project("{8BC9CEB8-8B4A-11D0-8D11-00A0C91BC942}") = "APC injection", "APC injection\APC injection.vcxproj", "{AB5259C6-DF5F-421F-83B0-8936628AF633}"
EndProject
Project("{8BC9CEB8-8B4A-11D0-8D11-00A0C91BC942}") = "Dll1", "Dll1\Dll1.vcxproj", "{9200BCB3-0958-4EAF-BB47-4A9D1C12697E}"
EndProject
Project("{8BC9CEB8-8B4A-11D0-8D11-00A0C91BC942}") = "Project1", "Project1\Project1.vcxproj", "{A75CCFB7-3E8A-4C57-95B7-38CFD1EE5A0D}"
EndProject
Project("{8BC9CEB8-8B4A-11D0-8D11-00A0C91BC942}") = "earlyApc", "earlyApc\earlyApc.vcxproj", "{A31A47EB-7FCA-4BD4-A62B-B9159A3B54B9}"
EndProject
Project("{8BC9CEB8-8B4A-11D0-8D11-00A0C91BC942}") = "shellcodeAPC", "shellcodeAPC\shellcodeAPC.vcxproj", "{DA3AEA8E-7384-4EFE-BA19-CF9A9BEF6B7D}"
EndProject
Project("{8BC9CEB8-8B4A-11D0-8D11-00A0C91BC942}") = "EarlyApcShellcode", "EarlyApcShellcode\EarlyApcShellcode.vcxproj", "{B6452DA9-3807-456A-AAA6-62A25939D21C}"
EndProject
Global
	GlobalSection(SolutionConfigurationPlatforms) = preSolution
		Debug|ARM64 = Debug|ARM64
		Debug|x64 = Debug|x64
		Debug|x86 = Debug|x86
		Release|ARM64 = Release|ARM64
		Release|x64 = Release|x64
		Release|x86 = Release|x86
	EndGlobalSection
	GlobalSection(ProjectConfigurationPlatforms) = postSolution
		{AB5259C6-DF5F-421F-83B0-8936628AF633}.Debug|ARM64.ActiveCfg = Debug|ARM64
		{AB5259C6-DF5F-421F-83B0-8936628AF633}.Debug|ARM64.Build.0 = Debug|ARM64
		{AB5259C6-DF5F-421F-83B0-8936628AF633}.Debug|x64.ActiveCfg = Debug|x64
		{AB5259C6-DF5F-421F-83B0-8936628AF633}.Debug|x64.Build.0 = Debug|x64
		{AB5259C6-DF5F-421F-83B0-8936628AF633}.Debug|x86.ActiveCfg = Debug|Win32
		{AB5259C6-DF5F-421F-83B0-8936628AF633}.Debug|x86.Build.0 = Debug|Win32
		{AB5259C6-DF5F-421F-83B0-8936628AF633}.Release|ARM64.ActiveCfg = Release|ARM64
		{AB5259C6-DF5F-421F-83B0-8936628AF633}.Release|ARM64.Build.0 = Release|ARM64
		{AB5259C6-DF5F-421F-83B0-8936628AF633}.Release|x64.ActiveCfg = Release|x64
		{AB5259C6-DF5F-421F-83B0-8936628AF633}.Release|x64.Build.0 = Release|x64
		{AB5259C6-DF5F-421F-83B0-8936628AF633}.Release|x86.ActiveCfg = Release|Win32
		{AB5259C6-DF5F-421F-83B0-8936628AF633}.Release|x86.Build.0 = Release|Win32
		{9200BCB3-0958-4EAF-BB47-4A9D1C12697E}.Debug|ARM64.ActiveCfg = Debug|ARM64
		{9200BCB3-0958-4EAF-BB47-4A9D1C12697E}.Debug|ARM64.Build.0 = Debug|ARM64
		{9200BCB3-0958-4EAF-BB47-4A9D1C12697E}.Debug|x64.ActiveCfg = Debug|x64
		{9200BCB3-0958-4EAF-BB47-4A9D1C12697E}.Debug|x64.Build.0 = Debug|x64
		{9200BCB3-0958-4EAF-BB47-4A9D1C12697E}.Debug|x86.ActiveCfg = Debug|Win32
		{9200BCB3-0958-4EAF-BB47-4A9D1C12697E}.Debug|x86.Build.0 = Debug|Win32
		{9200BCB3-0958-4EAF-BB47-4A9D1C12697E}.Release|ARM64.ActiveCfg = Release|ARM64
		{9200BCB3-0958-4EAF-BB47-4A9D1C12697E}.Release|ARM64.Build.0 = Release|ARM64
		{9200BCB3-0958-4EAF-BB47-4A9D1C12697E}.Release|x64.ActiveCfg = Release|x64
		{9200BCB3-0958-4EAF-BB47-4A9D1C12697E}.Release|x64.Build.0 = Release|x64
		{9200BCB3-0958-4EAF-BB47-4A9D1C12697E}.Release|x86.ActiveCfg = Release|Win32
		{9200BCB3-0958-4EAF-BB47-4A9D1C12697E}.Release|x86.Build.0 = Release|Win32
		{A75CCFB7-3E8A-4C57-95B7-38CFD1EE5A0D}.Debug|ARM64.ActiveCfg = Debug|ARM64
		{A75CCFB7-3E8A-4C57-95B7-38CFD1EE5A0D}.Debug|ARM64.Build.0 = Debug|ARM64
		{A75CCFB7-3E8A-4C57-95B7-38CFD1EE5A0D}.Debug|x64.ActiveCfg = Debug|x64
		{A75CCFB7-3E8A-4C57-95B7-38CFD1EE5A0D}.Debug|x64.Build.0 = Debug|x64
		{A75CCFB7-3E8A-4C57-95B7-38CFD1EE5A0D}.Debug|x86.ActiveCfg = Debug|Win32
		{A75CCFB7-3E8A-4C57-95B7-38CFD1EE5A0D}.Debug|x86.Build.0 = Debug|Win32
		{A75CCFB7-3E8A-4C57-95B7-38CFD1EE5A0D}.Release|ARM64.ActiveCfg = Release|ARM64
		{A75CCFB7-3E8A-4C57-95B7-38CFD1EE5A0D}.Release|ARM64.Build.0 = Release|ARM64
		{A75CCFB7-3E8A-4C57-95B7-38CFD1EE5A0D}.Release|x64.ActiveCfg = Release|x64
		{A75CCFB7-3E8A-4C57-95B7-38CFD1EE5A0D}.Release|x64.Build.0 = Release|x64
		{A75CCFB7-3E8A-4C57-95B7-38CFD1EE5A0D}.Release|x86.ActiveCfg = Release|Win32
		{A75CCFB7-3E8A-4C57-95B7-38CFD1EE5A0D}.Release|x86.Build.0 = Release|Win32
		{A31A47EB-7FCA-4BD4-A62B-B9159A3B54B9}.Debug|ARM64.ActiveCfg = Debug|ARM64
		{A31A47EB-7FCA-4BD4-A62B-B9159A3B54B9}.Debug|ARM64.Build.0 = Debug|ARM64
		{A31A47EB-7FCA-4BD4-A62B-B9159A3B54B9}.Debug|x64.ActiveCfg = Debug|x64
		{A31A47EB-7FCA-4BD4-A62B-B9159A3B54B9}.Debug|x64.Build.0 = Debug|x64
		{A31A47EB-7FCA-4BD4-A62B-B9159A3B54B9}.Debug|x86.ActiveCfg = Debug|Win32
		{A31A47EB-7FCA-4BD4-A62B-B9159A3B54B9}.Debug|x86.Build.0 = Debug|Win32
		{A31A47EB-7FCA-4BD4-A62B-B9159A3B54B9}.Release|ARM64.ActiveCfg = Release|ARM64
		{A31A47EB-7FCA-4BD4-A62B-B9159A3B54B9}.Release|ARM64.Build.0 = Release|ARM64
		{A31A47EB-7FCA-4BD4-A62B-B9159A3B54B9}.Release|x64.ActiveCfg = Release|x64
		{A31A47EB-7FCA-4BD4-A62B-B9159A3B54B9}.Release|x64.Build.0 = Release|x64
		{A31A47EB-7FCA-4BD4-A62B-B9159A3B54B9}.Release|x86.ActiveCfg = Release|Win32
		{A31A47EB-7FCA-4BD4-A62B-B9159A3B54B9}.Release|x86.Build.0 = Release|Win32
		{DA3AEA8E-7384-4EFE-BA19-CF9A9BEF6B7D}.Debug|ARM64.ActiveCfg = Debug|ARM64
		{DA3AEA8E-7384-4EFE-BA19-CF9A9BEF6B7D}.Debug|ARM64.Build.0 = Debug|ARM64
		{DA3AEA8E-7384-4EFE-BA19-CF9A9BEF6B7D}.Debug|x64.ActiveCfg = Debug|x64
		{DA3AEA8E-7384-4EFE-BA19-CF9A9BEF6B7D}.Debug|x64.Build.0 = Debug|x64
		{DA3AEA8E-7384-4EFE-BA19-CF9A9BEF6B7D}.Debug|x86.ActiveCfg = Debug|Win32
		{DA3AEA8E-7384-4EFE-BA19-CF9A9BEF6B7D}.Debug|x86.Build.0 = Debug|Win32
		{DA3AEA8E-7384-4EFE-BA19-CF9A9BEF6B7D}.Release|ARM64.ActiveCfg = Release|ARM64
		{DA3AEA8E-7384-4EFE-BA19-CF9A9BEF6B7D}.Release|ARM64.Build.0 = Release|ARM64
		{DA3AEA8E-7384-4EFE-BA19-CF9A9BEF6B7D}.Release|x64.ActiveCfg = Release|x64
		{DA3AEA8E-7384-4EFE-BA19-CF9A9BEF6B7D}.Release|x64.Build.0 = Release|x64
		{DA3AEA8E-7384-4EFE-BA19-CF9A9BEF6B7D}.Release|x86.ActiveCfg = Release|Win32
		{DA3AEA8E-7384-4EFE-BA19-CF9A9BEF6B7D}.Release|x86.Build.0 = Release|Win32
		{B6452DA9-3807-456A-AAA6-62A25939D21C}.Debug|ARM64.ActiveCfg = Debug|ARM64
		{B6452DA9-3807-456A-AAA6-62A25939D21C}.Debug|ARM64.Build.0 = Debug|ARM64
		{B6452DA9-3807-456A-AAA6-62A25939D21C}.Debug|x64.ActiveCfg = Debug|x64
		{B6452DA9-3807-456A-AAA6-62A25939D21C}.Debug|x64.Build.0 = Debug|x64
		{B6452DA9-3807-456A-AAA6-62A25939D21C}.Debug|x86.ActiveCfg = Debug|Win32
		{B6452DA9-3807-456A-AAA6-62A25939D21C}.Debug|x86.Build.0 = Debug|Win32
		{B6452DA9-3807-456A-AAA6-62A25939D21C}.Release|ARM64.ActiveCfg = Release|ARM64
		{B6452DA9-3807-456A-AAA6-62A25939D21C}.Release|ARM64.Build.0 = Release|ARM64
		{B6452DA9-3807-456A-AAA6-62A25939D21C}.Release|x64.ActiveCfg = Release|x64
		{B6452DA9-3807-456A-AAA6-62A25939D21C}.Release|x64.Build.0 = Release|x64
		{B6452DA9-3807-456A-AAA6-62A25939D21C}.Release|x86.ActiveCfg = Release|Win32
		{B6452DA9-3807-456A-AAA6-62A25939D21C}.Release|x86.Build.0 = Release|Win32
	EndGlobalSection
	GlobalSection(SolutionProperties) = preSolution
		HideSolutionNode = FALSE
	EndGlobalSection
	GlobalSection(ExtensibilityGlobals) = postSolution
		SolutionGuid = {CD26849C-5323-40E6-AB92-49119745362E}
	EndGlobalSection
EndGlobal
